
Microsoft Visual Studio Solution File, Format Version 12.00
# Visual Studio Version 17
VisualStudioVersion = 17.8.34309.116
MinimumVisualStudioVersion = 10.0.40219.1
Project("{FAE04EC0-301F-11D3-BF4B-00C04F79EFBC}") = "PlantShop", "PlantShop\PlantShop.csproj", "{5A11F87D-6087-4128-B91E-9067E0BB4BC0}"
EndProject
Global
	GlobalSection(SolutionConfigurationPlatforms) = preSolution
		Debug|Any CPU = Debug|Any CPU
		Release|Any CPU = Release|Any CPU
	EndGlobalSection
	GlobalSection(ProjectConfigurationPlatforms) = postSolution
		{5A11F87D-6087-4128-B91E-9067E0BB4BC0}.Debug|Any CPU.ActiveCfg = Debug|Any CPU
		{5A11F87D-6087-4128-B91E-9067E0BB4BC0}.Debug|Any CPU.Build.0 = Debug|Any CPU
		{5A11F87D-6087-4128-B91E-9067E0BB4BC0}.Release|Any CPU.ActiveCfg = Release|Any CPU
		{5A11F87D-6087-4128-B91E-9067E0BB4BC0}.Release|Any CPU.Build.0 = Release|Any CPU
	EndGlobalSection
	GlobalSection(SolutionProperties) = preSolution
		HideSolutionNode = FALSE
	EndGlobalSection
	GlobalSection(ExtensibilityGlobals) = postSolution
		SolutionGuid = {050B223D-D27B-4D4C-ABDB-73468ADA4F65}
	EndGlobalSection
EndGlobal
