
Microsoft Visual Studio Solution File, Format Version 12.00
# Visual Studio Version 17
VisualStudioVersion = 17.8.34309.116
MinimumVisualStudioVersion = 10.0.40219.1
Project("{9A19103F-16F7-4668-BE54-9A1E7A4F7556}") = "PlantShop", "PlantShop\PlantShop.csproj", "{5A11F87D-6087-4128-B91E-9067E0BB4BC0}"
EndProject
Project("{9A19103F-16F7-4668-BE54-9A1E7A4F7556}") = "PlantShop.DataAccess", "PlantShop.DataAcces\PlantShop.DataAccess.csproj", "{4E1702DA-92E2-46D5-B814-83D80480F43A}"
EndProject
Project("{9A19103F-16F7-4668-BE54-9A1E7A4F7556}") = "PlantShop.Models", "PlantShop.Models\PlantShop.Models.csproj", "{EEFFA7DA-644B-4BF8-A0D3-0932BBEABD56}"
EndProject
Project("{9A19103F-16F7-4668-BE54-9A1E7A4F7556}") = "PlantShop.Utility", "PlantShop.Utility\PlantShop.Utility.csproj", "{69786717-ACA2-499B-B96D-9CC904B87B2B}"
EndProject
Global
	GlobalSection(SolutionConfigurationPlatforms) = preSolution
		Debug|Any CPU = Debug|Any CPU
		Release|Any CPU = Release|Any CPU
	EndGlobalSection
	GlobalSection(ProjectConfigurationPlatforms) = postSolution
		{5A11F87D-6087-4128-B91E-9067E0BB4BC0}.Debug|Any CPU.ActiveCfg = Debug|Any CPU
		{5A11F87D-6087-4128-B91E-9067E0BB4BC0}.Debug|Any CPU.Build.0 = Debug|Any CPU
		{5A11F87D-6087-4128-B91E-9067E0BB4BC0}.Release|Any CPU.ActiveCfg = Release|Any CPU
		{5A11F87D-6087-4128-B91E-9067E0BB4BC0}.Release|Any CPU.Build.0 = Release|Any CPU
		{4E1702DA-92E2-46D5-B814-83D80480F43A}.Debug|Any CPU.ActiveCfg = Debug|Any CPU
		{4E1702DA-92E2-46D5-B814-83D80480F43A}.Debug|Any CPU.Build.0 = Debug|Any CPU
		{4E1702DA-92E2-46D5-B814-83D80480F43A}.Release|Any CPU.ActiveCfg = Release|Any CPU
		{4E1702DA-92E2-46D5-B814-83D80480F43A}.Release|Any CPU.Build.0 = Release|Any CPU
		{EEFFA7DA-644B-4BF8-A0D3-0932BBEABD56}.Debug|Any CPU.ActiveCfg = Debug|Any CPU
		{EEFFA7DA-644B-4BF8-A0D3-0932BBEABD56}.Debug|Any CPU.Build.0 = Debug|Any CPU
		{EEFFA7DA-644B-4BF8-A0D3-0932BBEABD56}.Release|Any CPU.ActiveCfg = Release|Any CPU
		{EEFFA7DA-644B-4BF8-A0D3-0932BBEABD56}.Release|Any CPU.Build.0 = Release|Any CPU
		{69786717-ACA2-499B-B96D-9CC904B87B2B}.Debug|Any CPU.ActiveCfg = Debug|Any CPU
		{69786717-ACA2-499B-B96D-9CC904B87B2B}.Debug|Any CPU.Build.0 = Debug|Any CPU
		{69786717-ACA2-499B-B96D-9CC904B87B2B}.Release|Any CPU.ActiveCfg = Release|Any CPU
		{69786717-ACA2-499B-B96D-9CC904B87B2B}.Release|Any CPU.Build.0 = Release|Any CPU
	EndGlobalSection
	GlobalSection(SolutionProperties) = preSolution
		HideSolutionNode = FALSE
	EndGlobalSection
	GlobalSection(ExtensibilityGlobals) = postSolution
		SolutionGuid = {050B223D-D27B-4D4C-ABDB-73468ADA4F65}
	EndGlobalSection
EndGlobal
